{
  "name": "pipiui-firecrawl-anydoc",
  "version": "1.0.0",
  "lockfileVersion": 3,
  "requires": true,
  "packages": {
    "": {
      "name": "pipiui-firecrawl-anydoc",
      "version": "1.0.0",
      "dependencies": {
        "@firecrawl/anydoc": "0.2.3",
        "@firecrawl/anydoc-wasm": "0.2.3"
      }
    },
    "node_modules/@firecrawl/anydoc": {
      "version": "0.2.3",
      "resolved": "https://registry.npmjs.org/@firecrawl/anydoc/-/anydoc-0.2.3.tgz",
      "integrity": "sha512-upJEnWQNeZFcuHV6gZmwZ6OqNiE5H4262TmRm2NTiaNb8ceMAwdSSN4dG34yfZpJoUOCinFPzlvJW3c1fWoQCQ==",
      "license": "MIT",
      "bin": {
        "anydoc": "cli.js"
      },
      "engines": {
        "node": ">= 20"
      },
      "optionalDependencies": {
        "@firecrawl/anydoc-darwin-arm64": "0.2.3",
        "@firecrawl/anydoc-darwin-x64": "0.2.3",
        "@firecrawl/anydoc-linux-arm64-gnu": "0.2.3",
        "@firecrawl/anydoc-linux-arm64-musl": "0.2.3",
        "@firecrawl/anydoc-linux-x64-gnu": "0.2.3",
        "@firecrawl/anydoc-linux-x64-musl": "0.2.3",
        "@firecrawl/anydoc-win32-x64-msvc": "0.2.3"
      }
    },
    "node_modules/@firecrawl/anydoc-darwin-arm64": {
      "version": "0.2.3",
      "resolved": "https://registry.npmjs.org/@firecrawl/anydoc-darwin-arm64/-/anydoc-darwin-arm64-0.2.3.tgz",
      "integrity": "sha512-POIzd1xfr/bDgfMiavuZ07jQzX6CV3G0knUMvwD8Bl/xI4bALtyGUb3lVHbFM6RxomWr/6jG4GtTlkwVBSKkXg==",
      "cpu": [
        "arm64"
      ],
      "license": "MIT",
      "optional": true,
      "os": [
        "darwin"
      ],
      "engines": {
        "node": ">= 20"
      }
    },
    "node_modules/@firecrawl/anydoc-darwin-x64": {
      "version": "0.2.3",
      "resolved": "https://registry.npmjs.org/@firecrawl/anydoc-darwin-x64/-/anydoc-darwin-x64-0.2.3.tgz",
      "integrity": "sha512-/n8zJMHPxZ3AXtHAiwhIRX4F8h3x2rWKWp7XRFY4SvPKIq9a6OCL9Hikt9Hckdo9yEAL5oAUymh1mY0Lb5jaCw==",
      "cpu": [
        "x64"
      ],
      "license": "MIT",
      "optional": true,
      "os": [
        "darwin"
      ],
      "engines": {
        "node": ">= 20"
      }
    },
    "node_modules/@firecrawl/anydoc-linux-arm64-gnu": {
      "version": "0.2.3",
      "resolved": "https://registry.npmjs.org/@firecrawl/anydoc-linux-arm64-gnu/-/anydoc-linux-arm64-gnu-0.2.3.tgz",
      "integrity": "sha512-JfibBTtIjY4PHLGoU7vsPNbXZBkTIKXX9Q6pGf2L0a69b9deWFvjlLdBFC33V7TnyDB31M9Qy3qQwgn46Cfy1g==",
      "cpu": [
        "arm64"
      ],
      "libc": [
        "glibc"
      ],
      "license": "MIT",
      "optional": true,
      "os": [
        "linux"
      ],
      "engines": {
        "node": ">= 20"
      }
    },
    "node_modules/@firecrawl/anydoc-linux-arm64-musl": {
      "version": "0.2.3",
      "resolved": "https://registry.npmjs.org/@firecrawl/anydoc-linux-arm64-musl/-/anydoc-linux-arm64-musl-0.2.3.tgz",
      "integrity": "sha512-1+5ptKMJEgY+jDHU0tDpXcLcI6uugP/i0I10Vga7HyvsjE7vpmHCkf4UU+VDTDRfZh1puLlYbxKSVlX055S6sA==",
      "cpu": [
        "arm64"
      ],
      "libc": [
        "musl"
      ],
      "license": "MIT",
      "optional": true,
      "os": [
        "linux"
      ],
      "engines": {
        "node": ">= 20"
      }
    },
    "node_modules/@firecrawl/anydoc-linux-x64-gnu": {
      "version": "0.2.3",
      "resolved": "https://registry.npmjs.org/@firecrawl/anydoc-linux-x64-gnu/-/anydoc-linux-x64-gnu-0.2.3.tgz",
      "integrity": "sha512-1t+k+lMS8cXrswVmEbaj0AhoYTDVTB6/thgG+zNGFthcPcnZoP5xIyI1Cy8CFKuHB69c1Qr6TjRx/rZZ+F9WFQ==",
      "cpu": [
        "x64"
      ],
      "libc": [
        "glibc"
      ],
      "license": "MIT",
      "optional": true,
      "os": [
        "linux"
      ],
      "engines": {
        "node": ">= 20"
      }
    },
    "node_modules/@firecrawl/anydoc-linux-x64-musl": {
      "version": "0.2.3",
      "resolved": "https://registry.npmjs.org/@firecrawl/anydoc-linux-x64-musl/-/anydoc-linux-x64-musl-0.2.3.tgz",
      "integrity": "sha512-K26jqLGTHDXOt5i+WD+FMSvnUd2LgOBKcEubhb8s/n6wJoORfKN/G5Wj7I/5ymVIyj/6zt6GqIWapqyP4bxZrg==",
      "cpu": [
        "x64"
      ],
      "libc": [
        "musl"
      ],
      "license": "MIT",
      "optional": true,
      "os": [
        "linux"
      ],
      "engines": {
        "node": ">= 20"
      }
    },
    "node_modules/@firecrawl/anydoc-wasm": {
      "version": "0.2.3",
      "resolved": "https://registry.npmjs.org/@firecrawl/anydoc-wasm/-/anydoc-wasm-0.2.3.tgz",
      "integrity": "sha512-u3Ah4n0cpjFEBDQWorO0s0e2mT21D//+p3iNLzB3EM+Bb+wD7yb6g7vNF/x5qWhCt8NfZNL/Btpy9dKtYi7WAQ==",
      "license": "MIT"
    },
    "node_modules/@firecrawl/anydoc-win32-x64-msvc": {
      "version": "0.2.3",
      "resolved": "https://registry.npmjs.org/@firecrawl/anydoc-win32-x64-msvc/-/anydoc-win32-x64-msvc-0.2.3.tgz",
      "integrity": "sha512-awYbuU16zdT914agDgZyyAfZTUs3/F50BMr7Iceaw/0y9+eOIIPupHxRF951+f240/FUhrOqc675ZWRwn3GLdw==",
      "cpu": [
        "x64"
      ],
      "license": "MIT",
      "optional": true,
      "os": [
        "win32"
      ],
      "engines": {
        "node": ">= 20"
      }
    }
  }
}
